
Microsoft Visual Studio Solution File, Format Version 12.00
# Visual Studio 15
VisualStudioVersion = 15.0.27703.2047
MinimumVisualStudioVersion = 10.0.40219.1
Project("{9A19103F-16F7-4668-BE54-9A1E7A4F7556}") = "DirectionDLL", "DirectionDLL\DirectionDLL.csproj", "{0D263582-0065-40F1-8D41-7B97826DB73F}"
EndProject
Project("{FAE04EC0-301F-11D3-BF4B-00C04F79EFBC}") = "DirectionTest", "DirectionTest\DirectionTest.csproj", "{B55B634C-8C73-4E1D-8A8D-63CC4BCD4601}"
EndProject
Global
	GlobalSection(SolutionConfigurationPlatforms) = preSolution
		Debug|Any CPU = Debug|Any CPU
		Debug|ARM = Debug|ARM
		Debug|x64 = Debug|x64
		Debug|x86 = Debug|x86
		Release|Any CPU = Release|Any CPU
		Release|ARM = Release|ARM
		Release|x64 = Release|x64
		Release|x86 = Release|x86
	EndGlobalSection
	GlobalSection(ProjectConfigurationPlatforms) = postSolution
		{0D263582-0065-40F1-8D41-7B97826DB73F}.Debug|Any CPU.ActiveCfg = Debug|Any CPU
		{0D263582-0065-40F1-8D41-7B97826DB73F}.Debug|Any CPU.Build.0 = Debug|Any CPU
		{0D263582-0065-40F1-8D41-7B97826DB73F}.Debug|ARM.ActiveCfg = Debug|Any CPU
		{0D263582-0065-40F1-8D41-7B97826DB73F}.Debug|ARM.Build.0 = Debug|Any CPU
		{0D263582-0065-40F1-8D41-7B97826DB73F}.Debug|x64.ActiveCfg = Debug|Any CPU
		{0D263582-0065-40F1-8D41-7B97826DB73F}.Debug|x64.Build.0 = Debug|Any CPU
		{0D263582-0065-40F1-8D41-7B97826DB73F}.Debug|x86.ActiveCfg = Debug|Any CPU
		{0D263582-0065-40F1-8D41-7B97826DB73F}.Debug|x86.Build.0 = Debug|Any CPU
		{0D263582-0065-40F1-8D41-7B97826DB73F}.Release|Any CPU.ActiveCfg = Release|Any CPU
		{0D263582-0065-40F1-8D41-7B97826DB73F}.Release|Any CPU.Build.0 = Release|Any CPU
		{0D263582-0065-40F1-8D41-7B97826DB73F}.Release|ARM.ActiveCfg = Release|Any CPU
		{0D263582-0065-40F1-8D41-7B97826DB73F}.Release|ARM.Build.0 = Release|Any CPU
		{0D263582-0065-40F1-8D41-7B97826DB73F}.Release|x64.ActiveCfg = Release|Any CPU
		{0D263582-0065-40F1-8D41-7B97826DB73F}.Release|x64.Build.0 = Release|Any CPU
		{0D263582-0065-40F1-8D41-7B97826DB73F}.Release|x86.ActiveCfg = Release|Any CPU
		{0D263582-0065-40F1-8D41-7B97826DB73F}.Release|x86.Build.0 = Release|Any CPU
		{B55B634C-8C73-4E1D-8A8D-63CC4BCD4601}.Debug|Any CPU.ActiveCfg = Debug|Any CPU
		{B55B634C-8C73-4E1D-8A8D-63CC4BCD4601}.Debug|Any CPU.Build.0 = Debug|Any CPU
		{B55B634C-8C73-4E1D-8A8D-63CC4BCD4601}.Debug|ARM.ActiveCfg = Debug|Any CPU
		{B55B634C-8C73-4E1D-8A8D-63CC4BCD4601}.Debug|ARM.Build.0 = Debug|Any CPU
		{B55B634C-8C73-4E1D-8A8D-63CC4BCD4601}.Debug|x64.ActiveCfg = Debug|Any CPU
		{B55B634C-8C73-4E1D-8A8D-63CC4BCD4601}.Debug|x64.Build.0 = Debug|Any CPU
		{B55B634C-8C73-4E1D-8A8D-63CC4BCD4601}.Debug|x86.ActiveCfg = Debug|Any CPU
		{B55B634C-8C73-4E1D-8A8D-63CC4BCD4601}.Debug|x86.Build.0 = Debug|Any CPU
		{B55B634C-8C73-4E1D-8A8D-63CC4BCD4601}.Release|Any CPU.ActiveCfg = Release|Any CPU
		{B55B634C-8C73-4E1D-8A8D-63CC4BCD4601}.Release|Any CPU.Build.0 = Release|Any CPU
		{B55B634C-8C73-4E1D-8A8D-63CC4BCD4601}.Release|ARM.ActiveCfg = Release|Any CPU
		{B55B634C-8C73-4E1D-8A8D-63CC4BCD4601}.Release|ARM.Build.0 = Release|Any CPU
		{B55B634C-8C73-4E1D-8A8D-63CC4BCD4601}.Release|x64.ActiveCfg = Release|Any CPU
		{B55B634C-8C73-4E1D-8A8D-63CC4BCD4601}.Release|x64.Build.0 = Release|Any CPU
		{B55B634C-8C73-4E1D-8A8D-63CC4BCD4601}.Release|x86.ActiveCfg = Release|Any CPU
		{B55B634C-8C73-4E1D-8A8D-63CC4BCD4601}.Release|x86.Build.0 = Release|Any CPU
	EndGlobalSection
	GlobalSection(SolutionProperties) = preSolution
		HideSolutionNode = FALSE
	EndGlobalSection
	GlobalSection(ExtensibilityGlobals) = postSolution
		SolutionGuid = {65181CE6-620E-461C-95FB-77F11010E6CD}
	EndGlobalSection
EndGlobal
